
Microsoft Visual Studio Solution File, Format Version 12.00
# Visual Studio Version 17
VisualStudioVersion = 17.4.33205.214
MinimumVisualStudioVersion = 10.0.40219.1
Project("{FAE04EC0-301F-11D3-BF4B-00C04F79EFBC}") = "BibleIndexerV2", "BibleIndexerV2\BibleIndexerV2.csproj", "{E210DCA0-65CF-4C5C-B137-86C66CC420A2}"
EndProject
Project("{FAE04EC0-301F-11D3-BF4B-00C04F79EFBC}") = "BibleIndexerTest", "BibleIndexerTest\BibleIndexerTest.csproj", "{84E2DB9F-6AF4-462E-AE71-6AD8A7B2AA2A}"
EndProject
Global
	GlobalSection(SolutionConfigurationPlatforms) = preSolution
		Debug|Any CPU = Debug|Any CPU
		Release|Any CPU = Release|Any CPU
	EndGlobalSection
	GlobalSection(ProjectConfigurationPlatforms) = postSolution
		{E210DCA0-65CF-4C5C-B137-86C66CC420A2}.Debug|Any CPU.ActiveCfg = Debug|Any CPU
		{E210DCA0-65CF-4C5C-B137-86C66CC420A2}.Debug|Any CPU.Build.0 = Debug|Any CPU
		{E210DCA0-65CF-4C5C-B137-86C66CC420A2}.Release|Any CPU.ActiveCfg = Release|Any CPU
		{E210DCA0-65CF-4C5C-B137-86C66CC420A2}.Release|Any CPU.Build.0 = Release|Any CPU
		{84E2DB9F-6AF4-462E-AE71-6AD8A7B2AA2A}.Debug|Any CPU.ActiveCfg = Debug|Any CPU
		{84E2DB9F-6AF4-462E-AE71-6AD8A7B2AA2A}.Debug|Any CPU.Build.0 = Debug|Any CPU
		{84E2DB9F-6AF4-462E-AE71-6AD8A7B2AA2A}.Release|Any CPU.ActiveCfg = Release|Any CPU
		{84E2DB9F-6AF4-462E-AE71-6AD8A7B2AA2A}.Release|Any CPU.Build.0 = Release|Any CPU
	EndGlobalSection
	GlobalSection(SolutionProperties) = preSolution
		HideSolutionNode = FALSE
	EndGlobalSection
	GlobalSection(ExtensibilityGlobals) = postSolution
		SolutionGuid = {4838A75C-F23A-46C1-8EBC-AEEEF352CEA7}
	EndGlobalSection
EndGlobal
